PODS:
  - SDWebImage (5.8.1):
    - SDWebImage/Core (= 5.8.1)
  - SDWebImage/Core (5.8.1)
  - Storyly (1.5.0):
    - SDWebImage

DEPENDENCIES:
  - Storyly

SPEC REPOS:
  trunk:
    - SDWebImage
    - Storyly

SPEC CHECKSUMS:
  SDWebImage: e3eae2eda88578db0685a0c88597fdadd9433f05
  Storyly: 43e4f8740bcc7c7c73cc971b79d46d09cdbc65ae

PODFILE CHECKSUM: 5f8bc23c66687ae941982e7104ef51a6b89dbe16

COCOAPODS: 1.9.1
